<?xml version="1.0" encoding="utf-8"?>
<Project ToolsVersion="4.0" xmlns="http://schemas.microsoft.com/developer/msbuild/2003">
  <ItemGroup>
    <Filter Include="Source Files">
      <UniqueIdentifier>{4FC737F1-C7A5-4376-A066-2A32D752A2FF}</UniqueIdentifier>
      <Extensions>cpp;c;cc;cxx;c++;cppm;ixx;def;odl;idl;hpj;bat;asm;asmx</Extensions>
    </Filter>
    <Filter Include="Source Files\GameState">
      <UniqueIdentifier>{249bcd08-a3d8-44c6-a754-e9f39d66c016}</UniqueIdentifier>
    </Filter>
    <Filter Include="Source Files\GameObject">
      <UniqueIdentifier>{54083655-5b9c-4ede-8d5a-69e92985fe8f}</UniqueIdentifier>
    </Filter>
    <Filter Include="Source Files\GameObject\Model">
      <UniqueIdentifier>{1d75ce1c-a43f-40d3-9201-21b56b9434f8}</UniqueIdentifier>
    </Filter>
  </ItemGroup>
  <ItemGroup>
    <ClCompile Include="main.cpp">
      <Filter>Source Files</Filter>
    </ClCompile>
    <ClCompile Include="Texture.cpp">
      <Filter>Source Files\GameState</Filter>
    </ClCompile>
    <ClCompile Include="Collider.cpp">
      <Filter>Source Files\GameObject</Filter>
    </ClCompile>
    <ClCompile Include="Ground.cpp">
      <Filter>Source Files\GameObject\Model</Filter>
    </ClCompile>
    <ClCompile Include="Map.cpp">
      <Filter>Source Files\GameObject</Filter>
    </ClCompile>
    <ClCompile Include="BaseFunc.cpp">
      <Filter>Source Files\GameState</Filter>
    </ClCompile>
    <ClCompile Include="Player.cpp">
      <Filter>Source Files\GameObject\Model</Filter>
    </ClCompile>
    <ClCompile Include="Game.cpp">
      <Filter>Source Files</Filter>
    </ClCompile>
    <ClCompile Include="Animation.cpp">
      <Filter>Source Files\GameObject</Filter>
    </ClCompile>
    <ClCompile Include="Saw.cpp">
      <Filter>Source Files\GameObject\Model</Filter>
    </ClCompile>
    <ClCompile Include="Spike.cpp">
      <Filter>Source Files\GameObject\Model</Filter>
    </ClCompile>
    <ClCompile Include="Key.cpp">
      <Filter>Source Files\GameObject\Model</Filter>
    </ClCompile>
    <ClCompile Include="Box.cpp">
      <Filter>Source Files\GameObject\Model</Filter>
    </ClCompile>
    <ClCompile Include="Menu.cpp">
      <Filter>Source Files</Filter>
    </ClCompile>
    <ClCompile Include="Text.cpp">
      <Filter>Source Files</Filter>
    </ClCompile>
  </ItemGroup>
  <ItemGroup>
    <ClInclude Include="BaseFunc.h">
      <Filter>Source Files\GameState</Filter>
    </ClInclude>
    <ClInclude Include="Texture.h">
      <Filter>Source Files\GameState</Filter>
    </ClInclude>
    <ClInclude Include="Collider.h">
      <Filter>Source Files\GameObject</Filter>
    </ClInclude>
    <ClInclude Include="Ground.h">
      <Filter>Source Files\GameObject\Model</Filter>
    </ClInclude>
    <ClInclude Include="Map.h">
      <Filter>Source Files\GameObject</Filter>
    </ClInclude>
    <ClInclude Include="Player.h">
      <Filter>Source Files\GameObject\Model</Filter>
    </ClInclude>
    <ClInclude Include="Game.h">
      <Filter>Source Files</Filter>
    </ClInclude>
    <ClInclude Include="Animation.h">
      <Filter>Source Files\GameObject</Filter>
    </ClInclude>
    <ClInclude Include="Saw.h">
      <Filter>Source Files\GameObject\Model</Filter>
    </ClInclude>
    <ClInclude Include="Spike.h">
      <Filter>Source Files\GameObject\Model</Filter>
    </ClInclude>
    <ClInclude Include="Key.h">
      <Filter>Source Files\GameObject\Model</Filter>
    </ClInclude>
    <ClInclude Include="Box.h">
      <Filter>Source Files\GameObject\Model</Filter>
    </ClInclude>
    <ClInclude Include="Menu.h">
      <Filter>Source Files</Filter>
    </ClInclude>
    <ClInclude Include="Text.h">
      <Filter>Source Files</Filter>
    </ClInclude>
  </ItemGroup>
</Project>